
Microsoft Visual Studio Solution File, Format Version 12.00
# Visual Studio Version 17
VisualStudioVersion = 17.5.33627.172
MinimumVisualStudioVersion = 10.0.40219.1
Project("{FAE04EC0-301F-11D3-BF4B-00C04F79EFBC}") = "LaMiaPizzeria", "LaMiaPizzeria\LaMiaPizzeria.csproj", "{C0E2ED8E-A8EC-4577-9924-3C09E992C69D}"
EndProject
Global
	GlobalSection(SolutionConfigurationPlatforms) = preSolution
		Debug|Any CPU = Debug|Any CPU
		Release|Any CPU = Release|Any CPU
	EndGlobalSection
	GlobalSection(ProjectConfigurationPlatforms) = postSolution
		{C0E2ED8E-A8EC-4577-9924-3C09E992C69D}.Debug|Any CPU.ActiveCfg = Debug|Any CPU
		{C0E2ED8E-A8EC-4577-9924-3C09E992C69D}.Debug|Any CPU.Build.0 = Debug|Any CPU
		{C0E2ED8E-A8EC-4577-9924-3C09E992C69D}.Release|Any CPU.ActiveCfg = Release|Any CPU
		{C0E2ED8E-A8EC-4577-9924-3C09E992C69D}.Release|Any CPU.Build.0 = Release|Any CPU
	EndGlobalSection
	GlobalSection(SolutionProperties) = preSolution
		HideSolutionNode = FALSE
	EndGlobalSection
	GlobalSection(ExtensibilityGlobals) = postSolution
		SolutionGuid = {371CD19B-FAC9-441E-8971-D18FB0170C3F}
	EndGlobalSection
EndGlobal
